<?xml version="1.0" encoding="utf-8"?>
<Project ToolsVersion="4.0" xmlns="http://schemas.microsoft.com/developer/msbuild/2003">
  <ItemGroup>
    <Filter Include="源文件">
      <UniqueIdentifier>{4FC737F1-C7A5-4376-A066-2A32D752A2FF}</UniqueIdentifier>
      <Extensions>cpp;c;cc;cxx;def;odl;idl;hpj;bat;asm;asmx</Extensions>
    </Filter>
    <Filter Include="头文件">
      <UniqueIdentifier>{93995380-89BD-4b04-88EB-625FBE52EBFB}</UniqueIdentifier>
      <Extensions>h;hh;hpp;hxx;hm;inl;inc;ipp;xsd</Extensions>
    </Filter>
    <Filter Include="资源文件">
      <UniqueIdentifier>{67DA6AB6-F800-4c08-8B7A-83BB121AAD01}</UniqueIdentifier>
      <Extensions>rc;ico;cur;bmp;dlg;rc2;rct;bin;rgs;gif;jpg;jpeg;jpe;resx;tiff;tif;png;wav;mfcribbon-ms</Extensions>
    </Filter>
    <Filter Include="源文件\utils">
      <UniqueIdentifier>{815ba3bf-952f-4ef2-80b6-af5337e5343e}</UniqueIdentifier>
    </Filter>
    <Filter Include="头文件\utils">
      <UniqueIdentifier>{66a17ac6-5952-4c12-ae4b-4f56733fb155}</UniqueIdentifier>
    </Filter>
    <Filter Include="NBodyGravity">
      <UniqueIdentifier>{89b180f1-a0df-48ae-ba7e-56bc94bbcc39}</UniqueIdentifier>
    </Filter>
    <Filter Include="NBodyGravity\Assets">
      <UniqueIdentifier>{3a49d6d2-ca82-4195-ae5f-5de522777c99}</UniqueIdentifier>
    </Filter>
    <Filter Include="MassModel">
      <UniqueIdentifier>{154e800e-e7b1-4ce5-8be8-ae70b8c0a270}</UniqueIdentifier>
    </Filter>
    <Filter Include="MassModel\Assets">
      <UniqueIdentifier>{d707a163-574d-466f-9ae2-09c5544ed4ed}</UniqueIdentifier>
    </Filter>
    <Filter Include="GlassModel">
      <UniqueIdentifier>{ef183818-9a74-483c-9d63-a887d304a4bc}</UniqueIdentifier>
    </Filter>
    <Filter Include="GlassModel\Assets">
      <UniqueIdentifier>{17b475e0-4287-4927-8943-3f680b58362a}</UniqueIdentifier>
    </Filter>
  </ItemGroup>
  <ItemGroup>
    <ClInclude Include="Renderer.h">
      <Filter>头文件</Filter>
    </ClInclude>
    <ClInclude Include="RendererHelper.h">
      <Filter>头文件\utils</Filter>
    </ClInclude>
    <ClInclude Include="BaseApp.h">
      <Filter>头文件</Filter>
    </ClInclude>
    <ClInclude Include="DirectX12RenderHelper.h">
      <Filter>头文件\utils</Filter>
    </ClInclude>
    <ClInclude Include="RendererStruct.h">
      <Filter>头文件\utils</Filter>
    </ClInclude>
    <ClInclude Include="Font.h">
      <Filter>头文件\utils</Filter>
    </ClInclude>
    <ClInclude Include="SimpleCamera.h">
      <Filter>头文件\utils</Filter>
    </ClInclude>
    <ClInclude Include="StepTimer.h">
      <Filter>头文件\utils</Filter>
    </ClInclude>
    <ClInclude Include="NBodyGravity.h">
      <Filter>NBodyGravity</Filter>
    </ClInclude>
    <ClInclude Include="MassModel.h">
      <Filter>MassModel</Filter>
    </ClInclude>
    <ClInclude Include="stdafx.h">
      <Filter>头文件\utils</Filter>
    </ClInclude>
    <ClInclude Include="Geometry.h">
      <Filter>资源文件</Filter>
    </ClInclude>
    <ClInclude Include="GlassModel.h">
      <Filter>GlassModel</Filter>
    </ClInclude>
    <ClInclude Include="Geometry.cpp">
      <Filter>资源文件</Filter>
    </ClInclude>
  </ItemGroup>
  <ItemGroup>
    <ClCompile Include="DirectX12Renderer.cpp">
      <Filter>源文件</Filter>
    </ClCompile>
    <ClCompile Include="BaseApp.cpp">
      <Filter>源文件</Filter>
    </ClCompile>
    <ClCompile Include="Main.cpp">
      <Filter>源文件</Filter>
    </ClCompile>
    <ClCompile Include="Renderer.cpp">
      <Filter>源文件\utils</Filter>
    </ClCompile>
    <ClCompile Include="SimpleCamera.cpp">
      <Filter>源文件\utils</Filter>
    </ClCompile>
    <ClCompile Include="NBodyGravity.cpp">
      <Filter>NBodyGravity</Filter>
    </ClCompile>
    <ClCompile Include="MassModel.cpp">
      <Filter>MassModel</Filter>
    </ClCompile>
    <ClCompile Include="GlassModel.cpp">
      <Filter>GlassModel</Filter>
    </ClCompile>
  </ItemGroup>
  <ItemGroup>
    <None Include="VertexShader.hlsl">
      <Filter>资源文件</Filter>
    </None>
    <None Include="PixelShader.hlsl">
      <Filter>资源文件</Filter>
    </None>
    <None Include="nBodyGravityCS.hlsl">
      <Filter>NBodyGravity\Assets</Filter>
    </None>
    <None Include="ParticleDraw.hlsl">
      <Filter>NBodyGravity\Assets</Filter>
    </None>
    <None Include="packages.config" />
    <None Include="MassModelVertexShader.hlsl">
      <Filter>MassModel\Assets</Filter>
    </None>
    <None Include="MassModelPixelShader.hlsl">
      <Filter>MassModel\Assets</Filter>
    </None>
    <None Include="SkyboxVertexShader.hlsl">
      <Filter>GlassModel\Assets</Filter>
    </None>
    <None Include="GlassModelPixelShader.hlsl">
      <Filter>GlassModel\Assets</Filter>
    </None>
    <None Include="GlassModelVertexShader.hlsl">
      <Filter>GlassModel\Assets</Filter>
    </None>
    <None Include="SkyboxPixelShader.hlsl">
      <Filter>GlassModel\Assets</Filter>
    </None>
  </ItemGroup>
</Project>